// !$*UTF8*$!
{
	archiveVersion = 1;
	classes = {
	};
	objectVersion = 46;
	objects = {

/* Begin PBXBuildFile section */
		65C26AC81F674B4100F4AF6C /* AppDelegate.swift in Sources */ = {isa = PBXBuildFile; fileRef = 65C26AC71F674B4100F4AF6C /* AppDelegate.swift */; };
		65C26ACA1F674B4100F4AF6C /* HomeController.swift in Sources */ = {isa = PBXBuildFile; fileRef = 65C26AC91F674B4100F4AF6C /* HomeController.swift */; };
		65C26ACD1F674B4100F4AF6C /* Main.storyboard in Resources */ = {isa = PBXBuildFile; fileRef = 65C26ACB1F674B4100F4AF6C /* Main.storyboard */; };
		65C26ACF1F674B4100F4AF6C /* Assets.xcassets in Resources */ = {isa = PBXBuildFile; fileRef = 65C26ACE1F674B4100F4AF6C /* Assets.xcassets */; };
		65C26AD21F674B4100F4AF6C /* LaunchScreen.storyboard in Resources */ = {isa = PBXBuildFile; fileRef = 65C26AD01F674B4100F4AF6C /* LaunchScreen.storyboard */; };
		65C26ADE1F6751D500F4AF6C /* WebViewController.swift in Sources */ = {isa = PBXBuildFile; fileRef = 65C26ADD1F6751D500F4AF6C /* WebViewController.swift */; };
		65C26AE01F6752F600F4AF6C /* WebserviceJSON.swift in Sources */ = {isa = PBXBuildFile; fileRef = 65C26ADF1F6752F600F4AF6C /* WebserviceJSON.swift */; };
		65C26AE21F675A2C00F4AF6C /* Webservice.swift in Sources */ = {isa = PBXBuildFile; fileRef = 65C26AE11F675A2C00F4AF6C /* Webservice.swift */; };
		65C26AE41F675DDC00F4AF6C /* Utils.swift in Sources */ = {isa = PBXBuildFile; fileRef = 65C26AE31F675DDC00F4AF6C /* Utils.swift */; };
		65C26AE71F6763E000F4AF6C /* StoriesCell.swift in Sources */ = {isa = PBXBuildFile; fileRef = 65C26AE61F6763E000F4AF6C /* StoriesCell.swift */; };
		BDABBACDEF8DF2F36950925A /* Pods_Demo_ReignDesign.framework in Frameworks */ = {isa = PBXBuildFile; fileRef = B73C377848C333944125D06E /* Pods_Demo_ReignDesign.framework */; };
/* End PBXBuildFile section */

/* Begin PBXFileReference section */
		65C26AC41F674B4100F4AF6C /* Demo ReignDesign.app */ = {isa = PBXFileReference; explicitFileType = wrapper.application; includeInIndex = 0; path = "Demo ReignDesign.app"; sourceTree = BUILT_PRODUCTS_DIR; };
		65C26AC71F674B4100F4AF6C /* AppDelegate.swift */ = {isa = PBXFileReference; lastKnownFileType = sourcecode.swift; path = AppDelegate.swift; sourceTree = "<group>"; };
		65C26AC91F674B4100F4AF6C /* HomeController.swift */ = {isa = PBXFileReference; lastKnownFileType = sourcecode.swift; path = HomeController.swift; sourceTree = "<group>"; };
		65C26ACC1F674B4100F4AF6C /* Base */ = {isa = PBXFileReference; lastKnownFileType = file.storyboard; name = Base; path = Base.lproj/Main.storyboard; sourceTree = "<group>"; };
		65C26ACE1F674B4100F4AF6C /* Assets.xcassets */ = {isa = PBXFileReference; lastKnownFileType = folder.assetcatalog; path = Assets.xcassets; sourceTree = "<group>"; };
		65C26AD11F674B4100F4AF6C /* Base */ = {isa = PBXFileReference; lastKnownFileType = file.storyboard; name = Base; path = Base.lproj/LaunchScreen.storyboard; sourceTree = "<group>"; };
		65C26AD31F674B4100F4AF6C /* Info.plist */ = {isa = PBXFileReference; lastKnownFileType = text.plist.xml; path = Info.plist; sourceTree = "<group>"; };
		65C26ADD1F6751D500F4AF6C /* WebViewController.swift */ = {isa = PBXFileReference; fileEncoding = 4; lastKnownFileType = sourcecode.swift; path = WebViewController.swift; sourceTree = "<group>"; };
		65C26ADF1F6752F600F4AF6C /* WebserviceJSON.swift */ = {isa = PBXFileReference; fileEncoding = 4; lastKnownFileType = sourcecode.swift; path = WebserviceJSON.swift; sourceTree = "<group>"; };
		65C26AE11F675A2C00F4AF6C /* Webservice.swift */ = {isa = PBXFileReference; fileEncoding = 4; lastKnownFileType = sourcecode.swift; path = Webservice.swift; sourceTree = "<group>"; };
		65C26AE31F675DDC00F4AF6C /* Utils.swift */ = {isa = PBXFileReference; fileEncoding = 4; lastKnownFileType = sourcecode.swift; path = Utils.swift; sourceTree = "<group>"; };
		65C26AE61F6763E000F4AF6C /* StoriesCell.swift */ = {isa = PBXFileReference; fileEncoding = 4; lastKnownFileType = sourcecode.swift; path = StoriesCell.swift; sourceTree = "<group>"; };
		8656DF9023F6BBA534FA4FFA /* Pods-Demo ReignDesign.release.xcconfig */ = {isa = PBXFileReference; includeInIndex = 1; lastKnownFileType = text.xcconfig; name = "Pods-Demo ReignDesign.release.xcconfig"; path = "Pods/Target Support Files/Pods-Demo ReignDesign/Pods-Demo ReignDesign.release.xcconfig"; sourceTree = "<group>"; };
		B73C377848C333944125D06E /* Pods_Demo_ReignDesign.framework */ = {isa = PBXFileReference; explicitFileType = wrapper.framework; includeInIndex = 0; path = Pods_Demo_ReignDesign.framework; sourceTree = BUILT_PRODUCTS_DIR; };
		D15E6D64BD3BF84B48D9B761 /* Pods-Demo ReignDesign.debug.xcconfig */ = {isa = PBXFileReference; includeInIndex = 1; lastKnownFileType = text.xcconfig; name = "Pods-Demo ReignDesign.debug.xcconfig"; path = "Pods/Target Support Files/Pods-Demo ReignDesign/Pods-Demo ReignDesign.debug.xcconfig"; sourceTree = "<group>"; };
/* End PBXFileReference section */

/* Begin PBXFrameworksBuildPhase section */
		65C26AC11F674B4100F4AF6C /* Frameworks */ = {
			isa = PBXFrameworksBuildPhase;
			buildActionMask = 2147483647;
			files = (
				BDABBACDEF8DF2F36950925A /* Pods_Demo_ReignDesign.framework in Frameworks */,
			);
			runOnlyForDeploymentPostprocessing = 0;
		};
/* End PBXFrameworksBuildPhase section */

/* Begin PBXGroup section */
		65C26ABB1F674B4100F4AF6C = {
			isa = PBXGroup;
			children = (
				65C26AC61F674B4100F4AF6C /* Demo ReignDesign */,
				65C26AC51F674B4100F4AF6C /* Products */,
				9F61E0ABDECF710105748363 /* Pods */,
				9B63CECB127E4C27FC359228 /* Frameworks */,
			);
			sourceTree = "<group>";
		};
		65C26AC51F674B4100F4AF6C /* Products */ = {
			isa = PBXGroup;
			children = (
				65C26AC41F674B4100F4AF6C /* Demo ReignDesign.app */,
			);
			name = Products;
			sourceTree = "<group>";
		};
		65C26AC61F674B4100F4AF6C /* Demo ReignDesign */ = {
			isa = PBXGroup;
			children = (
				65C26ADC1F674E2B00F4AF6C /* Views */,
				65C26ADB1F674E2400F4AF6C /* Models */,
				65C26ADA1F674E1D00F4AF6C /* Controllers */,
				65C26AD91F674E1300F4AF6C /* Utils */,
				65C26AC71F674B4100F4AF6C /* AppDelegate.swift */,
				65C26ACE1F674B4100F4AF6C /* Assets.xcassets */,
				65C26AD31F674B4100F4AF6C /* Info.plist */,
			);
			path = "Demo ReignDesign";
			sourceTree = "<group>";
		};
		65C26AD91F674E1300F4AF6C /* Utils */ = {
			isa = PBXGroup;
			children = (
				65C26AE11F675A2C00F4AF6C /* Webservice.swift */,
				65C26AE31F675DDC00F4AF6C /* Utils.swift */,
			);
			name = Utils;
			sourceTree = "<group>";
		};
		65C26ADA1F674E1D00F4AF6C /* Controllers */ = {
			isa = PBXGroup;
			children = (
				65C26AE51F6763D500F4AF6C /* Cells */,
				65C26AC91F674B4100F4AF6C /* HomeController.swift */,
				65C26ADD1F6751D500F4AF6C /* WebViewController.swift */,
			);
			name = Controllers;
			sourceTree = "<group>";
		};
		65C26ADB1F674E2400F4AF6C /* Models */ = {
			isa = PBXGroup;
			children = (
				65C26ADF1F6752F600F4AF6C /* WebserviceJSON.swift */,
			);
			name = Models;
			sourceTree = "<group>";
		};
		65C26ADC1F674E2B00F4AF6C /* Views */ = {
			isa = PBXGroup;
			children = (
				65C26ACB1F674B4100F4AF6C /* Main.storyboard */,
				65C26AD01F674B4100F4AF6C /* LaunchScreen.storyboard */,
			);
			name = Views;
			sourceTree = "<group>";
		};
		65C26AE51F6763D500F4AF6C /* Cells */ = {
			isa = PBXGroup;
			children = (
				65C26AE61F6763E000F4AF6C /* StoriesCell.swift */,
			);
			name = Cells;
			sourceTree = "<group>";
		};
		9B63CECB127E4C27FC359228 /* Frameworks */ = {
			isa = PBXGroup;
			children = (
				B73C377848C333944125D06E /* Pods_Demo_ReignDesign.framework */,
			);
			name = Frameworks;
			sourceTree = "<group>";
		};
		9F61E0ABDECF710105748363 /* Pods */ = {
			isa = PBXGroup;
			children = (
				D15E6D64BD3BF84B48D9B761 /* Pods-Demo ReignDesign.debug.xcconfig */,
				8656DF9023F6BBA534FA4FFA /* Pods-Demo ReignDesign.release.xcconfig */,
			);
			name = Pods;
			sourceTree = "<group>";
		};
/* End PBXGroup section */

/* Begin PBXNativeTarget section */
		65C26AC31F674B4100F4AF6C /* Demo ReignDesign */ = {
			isa = PBXNativeTarget;
			buildConfigurationList = 65C26AD61F674B4100F4AF6C /* Build configuration list for PBXNativeTarget "Demo ReignDesign" */;
			buildPhases = (
				895A6E28261AAE747F714D2C /* [CP] Check Pods Manifest.lock */,
				65C26AC01F674B4100F4AF6C /* Sources */,
				65C26AC11F674B4100F4AF6C /* Frameworks */,
				65C26AC21F674B4100F4AF6C /* Resources */,
				09104C5C923AC8DAECD832C3 /* [CP] Embed Pods Frameworks */,
				35EEBA5BD2389907554B5BCC /* [CP] Copy Pods Resources */,
			);
			buildRules = (
			);
			dependencies = (
			);
			name = "Demo ReignDesign";
			productName = "Demo ReignDesign";
			productReference = 65C26AC41F674B4100F4AF6C /* Demo ReignDesign.app */;
			productType = "com.apple.product-type.application";
		};
/* End PBXNativeTarget section */

/* Begin PBXProject section */
		65C26ABC1F674B4100F4AF6C /* Project object */ = {
			isa = PBXProject;
			attributes = {
				LastSwiftUpdateCheck = 0820;
				LastUpgradeCheck = 0820;
				ORGANIZATIONNAME = Daniel;
				TargetAttributes = {
					65C26AC31F674B4100F4AF6C = {
						CreatedOnToolsVersion = 8.2;
						ProvisioningStyle = Automatic;
					};
				};
			};
			buildConfigurationList = 65C26ABF1F674B4100F4AF6C /* Build configuration list for PBXProject "Demo ReignDesign" */;
			compatibilityVersion = "Xcode 3.2";
			developmentRegion = English;
			hasScannedForEncodings = 0;
			knownRegions = (
				en,
				Base,
			);
			mainGroup = 65C26ABB1F674B4100F4AF6C;
			productRefGroup = 65C26AC51F674B4100F4AF6C /* Products */;
			projectDirPath = "";
			projectRoot = "";
			targets = (
				65C26AC31F674B4100F4AF6C /* Demo ReignDesign */,
			);
		};
/* End PBXProject section */

/* Begin PBXResourcesBuildPhase section */
		65C26AC21F674B4100F4AF6C /* Resources */ = {
			isa = PBXResourcesBuildPhase;
			buildActionMask = 2147483647;
			files = (
				65C26AD21F674B4100F4AF6C /* LaunchScreen.storyboard in Resources */,
				65C26ACF1F674B4100F4AF6C /* Assets.xcassets in Resources */,
				65C26ACD1F674B4100F4AF6C /* Main.storyboard in Resources */,
			);
			runOnlyForDeploymentPostprocessing = 0;
		};
/* End PBXResourcesBuildPhase section */

/* Begin PBXShellScriptBuildPhase section */
		09104C5C923AC8DAECD832C3 /* [CP] Embed Pods Frameworks */ = {
			isa = PBXShellScriptBuildPhase;
			buildActionMask = 2147483647;
			files = (
			);
			inputPaths = (
			);
			name = "[CP] Embed Pods Frameworks";
			outputPaths = (
			);
			runOnlyForDeploymentPostprocessing = 0;
			shellPath = /bin/sh;
			shellScript = "\"${SRCROOT}/Pods/Target Support Files/Pods-Demo ReignDesign/Pods-Demo ReignDesign-frameworks.sh\"\n";
			showEnvVarsInLog = 0;
		};
		35EEBA5BD2389907554B5BCC /* [CP] Copy Pods Resources */ = {
			isa = PBXShellScriptBuildPhase;
			buildActionMask = 2147483647;
			files = (
			);
			inputPaths = (
			);
			name = "[CP] Copy Pods Resources";
			outputPaths = (
			);
			runOnlyForDeploymentPostprocessing = 0;
			shellPath = /bin/sh;
			shellScript = "\"${SRCROOT}/Pods/Target Support Files/Pods-Demo ReignDesign/Pods-Demo ReignDesign-resources.sh\"\n";
			showEnvVarsInLog = 0;
		};
		895A6E28261AAE747F714D2C /* [CP] Check Pods Manifest.lock */ = {
			isa = PBXShellScriptBuildPhase;
			buildActionMask = 2147483647;
			files = (
			);
			inputPaths = (
			);
			name = "[CP] Check Pods Manifest.lock";
			outputPaths = (
			);
			runOnlyForDeploymentPostprocessing = 0;
			shellPath = /bin/sh;
			shellScript = "diff \"${PODS_PODFILE_DIR_PATH}/Podfile.lock\" \"${PODS_ROOT}/Manifest.lock\" > /dev/null\nif [ $? != 0 ] ; then\n    # print error to STDERR\n    echo \"error: The sandbox is not in sync with the Podfile.lock. Run 'pod install' or update your CocoaPods installation.\" >&2\n    exit 1\nfi\n";
			showEnvVarsInLog = 0;
		};
/* End PBXShellScriptBuildPhase section */

/* Begin PBXSourcesBuildPhase section */
		65C26AC01F674B4100F4AF6C /* Sources */ = {
			isa = PBXSourcesBuildPhase;
			buildActionMask = 2147483647;
			files = (
				65C26AE01F6752F600F4AF6C /* WebserviceJSON.swift in Sources */,
				65C26ACA1F674B4100F4AF6C /* HomeController.swift in Sources */,
				65C26AE71F6763E000F4AF6C /* StoriesCell.swift in Sources */,
				65C26ADE1F6751D500F4AF6C /* WebViewController.swift in Sources */,
				65C26AE21F675A2C00F4AF6C /* Webservice.swift in Sources */,
				65C26AC81F674B4100F4AF6C /* AppDelegate.swift in Sources */,
				65C26AE41F675DDC00F4AF6C /* Utils.swift in Sources */,
			);
			runOnlyForDeploymentPostprocessing = 0;
		};
/* End PBXSourcesBuildPhase section */

/* Begin PBXVariantGroup section */
		65C26ACB1F674B4100F4AF6C /* Main.storyboard */ = {
			isa = PBXVariantGroup;
			children = (
				65C26ACC1F674B4100F4AF6C /* Base */,
			);
			name = Main.storyboard;
			sourceTree = "<group>";
		};
		65C26AD01F674B4100F4AF6C /* LaunchScreen.storyboard */ = {
			isa = PBXVariantGroup;
			children = (
				65C26AD11F674B4100F4AF6C /* Base */,
			);
			name = LaunchScreen.storyboard;
			sourceTree = "<group>";
		};
/* End PBXVariantGroup section */

/* Begin XCBuildConfiguration section */
		65C26AD41F674B4100F4AF6C /* Debug */ = {
			isa = XCBuildConfiguration;
			buildSettings = {
				ALWAYS_SEARCH_USER_PATHS = NO;
				CLANG_ANALYZER_NONNULL = YES;
				CLANG_CXX_LANGUAGE_STANDARD = "gnu++0x";
				CLANG_CXX_LIBRARY = "libc++";
				CLANG_ENABLE_MODULES = YES;
				CLANG_ENABLE_OBJC_ARC = YES;
				CLANG_WARN_BOOL_CONVERSION = YES;
				CLANG_WARN_CONSTANT_CONVERSION = YES;
				CLANG_WARN_DIRECT_OBJC_ISA_USAGE = YES_ERROR;
				CLANG_WARN_DOCUMENTATION_COMMENTS = YES;
				CLANG_WARN_EMPTY_BODY = YES;
				CLANG_WARN_ENUM_CONVERSION = YES;
				CLANG_WARN_INFINITE_RECURSION = YES;
				CLANG_WARN_INT_CONVERSION = YES;
				CLANG_WARN_OBJC_ROOT_CLASS = YES_ERROR;
				CLANG_WARN_SUSPICIOUS_MOVE = YES;
				CLANG_WARN_UNREACHABLE_CODE = YES;
				CLANG_WARN__DUPLICATE_METHOD_MATCH = YES;
				"CODE_SIGN_IDENTITY[sdk=iphoneos*]" = "iPhone Developer";
				COPY_PHASE_STRIP = NO;
				DEBUG_INFORMATION_FORMAT = dwarf;
				ENABLE_STRICT_OBJC_MSGSEND = YES;
				ENABLE_TESTABILITY = YES;
				GCC_C_LANGUAGE_STANDARD = gnu99;
				GCC_DYNAMIC_NO_PIC = NO;
				GCC_NO_COMMON_BLOCKS = YES;
				GCC_OPTIMIZATION_LEVEL = 0;
				GCC_PREPROCESSOR_DEFINITIONS = (
					"DEBUG=1",
					"$(inherited)",
				);
				GCC_WARN_64_TO_32_BIT_CONVERSION = YES;
				GCC_WARN_ABOUT_RETURN_TYPE = YES_ERROR;
				GCC_WARN_UNDECLARED_SELECTOR = YES;
				GCC_WARN_UNINITIALIZED_AUTOS = YES_AGGRESSIVE;
				GCC_WARN_UNUSED_FUNCTION = YES;
				GCC_WARN_UNUSED_VARIABLE = YES;
				IPHONEOS_DEPLOYMENT_TARGET = 10.2;
				MTL_ENABLE_DEBUG_INFO = YES;
				ONLY_ACTIVE_ARCH = YES;
				SDKROOT = iphoneos;
				SWIFT_ACTIVE_COMPILATION_CONDITIONS = DEBUG;
				SWIFT_OPTIMIZATION_LEVEL = "-Onone";
			};
			name = Debug;
		};
		65C26AD51F674B4100F4AF6C /* Release */ = {
			isa = XCBuildConfiguration;
			buildSettings = {
				ALWAYS_SEARCH_USER_PATHS = NO;
				CLANG_ANALYZER_NONNULL = YES;
				CLANG_CXX_LANGUAGE_STANDARD = "gnu++0x";
				CLANG_CXX_LIBRARY = "libc++";
				CLANG_ENABLE_MODULES = YES;
				CLANG_ENABLE_OBJC_ARC = YES;
				CLANG_WARN_BOOL_CONVERSION = YES;
				CLANG_WARN_CONSTANT_CONVERSION = YES;
				CLANG_WARN_DIRECT_OBJC_ISA_USAGE = YES_ERROR;
				CLANG_WARN_DOCUMENTATION_COMMENTS = YES;
				CLANG_WARN_EMPTY_BODY = YES;
				CLANG_WARN_ENUM_CONVERSION = YES;
				CLANG_WARN_INFINITE_RECURSION = YES;
				CLANG_WARN_INT_CONVERSION = YES;
				CLANG_WARN_OBJC_ROOT_CLASS = YES_ERROR;
				CLANG_WARN_SUSPICIOUS_MOVE = YES;
				CLANG_WARN_UNREACHABLE_CODE = YES;
				CLANG_WARN__DUPLICATE_METHOD_MATCH = YES;
				"CODE_SIGN_IDENTITY[sdk=iphoneos*]" = "iPhone Developer";
				COPY_PHASE_STRIP = NO;
				DEBUG_INFORMATION_FORMAT = "dwarf-with-dsym";
				ENABLE_NS_ASSERTIONS = NO;
				ENABLE_STRICT_OBJC_MSGSEND = YES;
				GCC_C_LANGUAGE_STANDARD = gnu99;
				GCC_NO_COMMON_BLOCKS = YES;
				GCC_WARN_64_TO_32_BIT_CONVERSION = YES;
				GCC_WARN_ABOUT_RETURN_TYPE = YES_ERROR;
				GCC_WARN_UNDECLARED_SELECTOR = YES;
				GCC_WARN_UNINITIALIZED_AUTOS = YES_AGGRESSIVE;
				GCC_WARN_UNUSED_FUNCTION = YES;
				GCC_WARN_UNUSED_VARIABLE = YES;
				IPHONEOS_DEPLOYMENT_TARGET = 10.2;
				MTL_ENABLE_DEBUG_INFO = NO;
				SDKROOT = iphoneos;
				SWIFT_OPTIMIZATION_LEVEL = "-Owholemodule";
				VALIDATE_PRODUCT = YES;
			};
			name = Release;
		};
		65C26AD71F674B4100F4AF6C /* Debug */ = {
			isa = XCBuildConfiguration;
			baseConfigurationReference = D15E6D64BD3BF84B48D9B761 /* Pods-Demo ReignDesign.debug.xcconfig */;
			buildSettings = {
				ASSETCATALOG_COMPILER_APPICON_NAME = AppIcon;
				DEVELOPMENT_TEAM = "";
				INFOPLIST_FILE = "Demo ReignDesign/Info.plist";
				IPHONEOS_DEPLOYMENT_TARGET = 9.0;
				LD_RUNPATH_SEARCH_PATHS = "$(inherited) @executable_path/Frameworks";
				PRODUCT_BUNDLE_IDENTIFIER = "com.Daniel.Demo-ReignDesign";
				PRODUCT_NAME = "$(TARGET_NAME)";
				SWIFT_VERSION = 3.0;
			};
			name = Debug;
		};
		65C26AD81F674B4100F4AF6C /* Release */ = {
			isa = XCBuildConfiguration;
			baseConfigurationReference = 8656DF9023F6BBA534FA4FFA /* Pods-Demo ReignDesign.release.xcconfig */;
			buildSettings = {
				ASSETCATALOG_COMPILER_APPICON_NAME = AppIcon;
				DEVELOPMENT_TEAM = "";
				INFOPLIST_FILE = "Demo ReignDesign/Info.plist";
				IPHONEOS_DEPLOYMENT_TARGET = 9.0;
				LD_RUNPATH_SEARCH_PATHS = "$(inherited) @executable_path/Frameworks";
				PRODUCT_BUNDLE_IDENTIFIER = "com.Daniel.Demo-ReignDesign";
				PRODUCT_NAME = "$(TARGET_NAME)";
				SWIFT_VERSION = 3.0;
			};
			name = Release;
		};
/* End XCBuildConfiguration section */

/* Begin XCConfigurationList section */
		65C26ABF1F674B4100F4AF6C /* Build configuration list for PBXProject "Demo ReignDesign" */ = {
			isa = XCConfigurationList;
			buildConfigurations = (
				65C26AD41F674B4100F4AF6C /* Debug */,
				65C26AD51F674B4100F4AF6C /* Release */,
			);
			defaultConfigurationIsVisible = 0;
			defaultConfigurationName = Release;
		};
		65C26AD61F674B4100F4AF6C /* Build configuration list for PBXNativeTarget "Demo ReignDesign" */ = {
			isa = XCConfigurationList;
			buildConfigurations = (
				65C26AD71F674B4100F4AF6C /* Debug */,
				65C26AD81F674B4100F4AF6C /* Release */,
			);
			defaultConfigurationIsVisible = 0;
			defaultConfigurationName = Release;
		};
/* End XCConfigurationList section */
	};
	rootObject = 65C26ABC1F674B4100F4AF6C /* Project object */;
}
